{
  "name": "qx",
  "lockfileVersion": 3,
  "requires": true,
  "packages": {
    "": {
      "dependencies": {
        "@mariozechner/claude-trace": "^1.0.3"
      }
    },
    "node_modules/@anthropic-ai/sdk": {
      "version": "0.52.0",
      "resolved": "https://registry.npmjs.org/@anthropic-ai/sdk/-/sdk-0.52.0.tgz",
      "integrity": "sha512-d4c+fg+xy9e46c8+YnrrgIQR45CZlAi7PwdzIfDXDM6ACxEZli1/fxhURsq30ZpMZy6LvSkr41jGq5aF5TD7rQ==",
      "license": "MIT",
      "bin": {
        "anthropic-ai-sdk": "bin/cli"
      }
    },
    "node_modules/@mariozechner/claude-trace": {
      "version": "1.0.3",
      "resolved": "https://registry.npmjs.org/@mariozechner/claude-trace/-/claude-trace-1.0.3.tgz",
      "integrity": "sha512-g3jfsoJbFsdLoQayPJRkdlsKeySM7jQUHc/s4kZ/NTiXgPUiYc462tIw0sYRTcUxaoN6m4eJ9brDJdZL53thXw==",
      "license": "MIT",
      "dependencies": {
        "@anthropic-ai/sdk": "^0.52.0"
      },
      "bin": {
        "claude-trace": "dist/cli.js"
      },
      "engines": {
        "node": ">=16.0.0"
      }
    }
  }
}
